
Microsoft Visual Studio Solution File, Format Version 12.00
# Visual Studio Version 16
VisualStudioVersion = 16.0.31702.278
MinimumVisualStudioVersion = 10.0.40219.1
Project("{FAE04EC0-301F-11D3-BF4B-00C04F79EFBC}") = "TesDBPortable", "TesDBPortable\TesDBPortable.csproj", "{18BD34C4-F2A0-4259-8B1F-83DE28011D0A}"
EndProject
Global
	GlobalSection(SolutionConfigurationPlatforms) = preSolution
		Debug|Any CPU = Debug|Any CPU
		Release|Any CPU = Release|Any CPU
	EndGlobalSection
	GlobalSection(ProjectConfigurationPlatforms) = postSolution
		{18BD34C4-F2A0-4259-8B1F-83DE28011D0A}.Debug|Any CPU.ActiveCfg = Debug|Any CPU
		{18BD34C4-F2A0-4259-8B1F-83DE28011D0A}.Debug|Any CPU.Build.0 = Debug|Any CPU
		{18BD34C4-F2A0-4259-8B1F-83DE28011D0A}.Release|Any CPU.ActiveCfg = Release|Any CPU
		{18BD34C4-F2A0-4259-8B1F-83DE28011D0A}.Release|Any CPU.Build.0 = Release|Any CPU
	EndGlobalSection
	GlobalSection(SolutionProperties) = preSolution
		HideSolutionNode = FALSE
	EndGlobalSection
	GlobalSection(ExtensibilityGlobals) = postSolution
		SolutionGuid = {DBBD25D9-C843-45A4-B7D4-7AC4963E87CC}
	EndGlobalSection
EndGlobal
